// !$*UTF8*$!
{
	archiveVersion = 1;
	classes = {
	};
	objectVersion = 46;
	objects = {

/* Begin PBXBuildFile section */
		E4557E611920128900D4E04B /* SettingsViewController.m in Sources */ = {isa = PBXBuildFile; fileRef = E4557E5F1920128900D4E04B /* SettingsViewController.m */; };
		E4557E621920128900D4E04B /* SettingsViewController.xib in Resources */ = {isa = PBXBuildFile; fileRef = E4557E601920128900D4E04B /* SettingsViewController.xib */; };
		E478EAB6191C6B5800D88CE1 /* TipViewController.m in Sources */ = {isa = PBXBuildFile; fileRef = E478EAB4191C6B5800D88CE1 /* TipViewController.m */; };
		E478EAB7191C6B5800D88CE1 /* TipViewController.xib in Resources */ = {isa = PBXBuildFile; fileRef = E478EAB5191C6B5800D88CE1 /* TipViewController.xib */; };
		E4EC3C73191C3F3700F2A071 /* Foundation.framework in Frameworks */ = {isa = PBXBuildFile; fileRef = E4EC3C72191C3F3700F2A071 /* Foundation.framework */; };
		E4EC3C75191C3F3700F2A071 /* CoreGraphics.framework in Frameworks */ = {isa = PBXBuildFile; fileRef = E4EC3C74191C3F3700F2A071 /* CoreGraphics.framework */; };
		E4EC3C77191C3F3700F2A071 /* UIKit.framework in Frameworks */ = {isa = PBXBuildFile; fileRef = E4EC3C76191C3F3700F2A071 /* UIKit.framework */; };
		E4EC3C7D191C3F3700F2A071 /* InfoPlist.strings in Resources */ = {isa = PBXBuildFile; fileRef = E4EC3C7B191C3F3700F2A071 /* InfoPlist.strings */; };
		E4EC3C7F191C3F3700F2A071 /* main.m in Sources */ = {isa = PBXBuildFile; fileRef = E4EC3C7E191C3F3700F2A071 /* main.m */; };
		E4EC3C83191C3F3700F2A071 /* CPAppDelegate.m in Sources */ = {isa = PBXBuildFile; fileRef = E4EC3C82191C3F3700F2A071 /* CPAppDelegate.m */; };
		E4EC3C85191C3F3700F2A071 /* Images.xcassets in Resources */ = {isa = PBXBuildFile; fileRef = E4EC3C84191C3F3700F2A071 /* Images.xcassets */; };
		E4EC3C8C191C3F3700F2A071 /* XCTest.framework in Frameworks */ = {isa = PBXBuildFile; fileRef = E4EC3C8B191C3F3700F2A071 /* XCTest.framework */; };
		E4EC3C8D191C3F3700F2A071 /* Foundation.framework in Frameworks */ = {isa = PBXBuildFile; fileRef = E4EC3C72191C3F3700F2A071 /* Foundation.framework */; };
		E4EC3C8E191C3F3700F2A071 /* UIKit.framework in Frameworks */ = {isa = PBXBuildFile; fileRef = E4EC3C76191C3F3700F2A071 /* UIKit.framework */; };
		E4EC3C96191C3F3700F2A071 /* InfoPlist.strings in Resources */ = {isa = PBXBuildFile; fileRef = E4EC3C94191C3F3700F2A071 /* InfoPlist.strings */; };
		E4EC3C98191C3F3700F2A071 /* TipCalculatorTests.m in Sources */ = {isa = PBXBuildFile; fileRef = E4EC3C97191C3F3700F2A071 /* TipCalculatorTests.m */; };
/* End PBXBuildFile section */

/* Begin PBXContainerItemProxy section */
		E4EC3C8F191C3F3700F2A071 /* PBXContainerItemProxy */ = {
			isa = PBXContainerItemProxy;
			containerPortal = E4EC3C67191C3F3700F2A071 /* Project object */;
			proxyType = 1;
			remoteGlobalIDString = E4EC3C6E191C3F3700F2A071;
			remoteInfo = TipCalculator;
		};
/* End PBXContainerItemProxy section */

/* Begin PBXFileReference section */
		E4557E5E1920128900D4E04B /* SettingsViewController.h */ = {isa = PBXFileReference; fileEncoding = 4; lastKnownFileType = sourcecode.c.h; path = SettingsViewController.h; sourceTree = "<group>"; };
		E4557E5F1920128900D4E04B /* SettingsViewController.m */ = {isa = PBXFileReference; fileEncoding = 4; lastKnownFileType = sourcecode.c.objc; path = SettingsViewController.m; sourceTree = "<group>"; };
		E4557E601920128900D4E04B /* SettingsViewController.xib */ = {isa = PBXFileReference; fileEncoding = 4; lastKnownFileType = file.xib; path = SettingsViewController.xib; sourceTree = "<group>"; };
		E478EAB3191C6B5800D88CE1 /* TipViewController.h */ = {isa = PBXFileReference; fileEncoding = 4; lastKnownFileType = sourcecode.c.h; path = TipViewController.h; sourceTree = "<group>"; };
		E478EAB4191C6B5800D88CE1 /* TipViewController.m */ = {isa = PBXFileReference; fileEncoding = 4; lastKnownFileType = sourcecode.c.objc; path = TipViewController.m; sourceTree = "<group>"; };
		E478EAB5191C6B5800D88CE1 /* TipViewController.xib */ = {isa = PBXFileReference; fileEncoding = 4; lastKnownFileType = file.xib; path = TipViewController.xib; sourceTree = "<group>"; };
		E4EC3C6F191C3F3700F2A071 /* TipCalculator.app */ = {isa = PBXFileReference; explicitFileType = wrapper.application; includeInIndex = 0; path = TipCalculator.app; sourceTree = BUILT_PRODUCTS_DIR; };
		E4EC3C72191C3F3700F2A071 /* Foundation.framework */ = {isa = PBXFileReference; lastKnownFileType = wrapper.framework; name = Foundation.framework; path = System/Library/Frameworks/Foundation.framework; sourceTree = SDKROOT; };
		E4EC3C74191C3F3700F2A071 /* CoreGraphics.framework */ = {isa = PBXFileReference; lastKnownFileType = wrapper.framework; name = CoreGraphics.framework; path = System/Library/Frameworks/CoreGraphics.framework; sourceTree = SDKROOT; };
		E4EC3C76191C3F3700F2A071 /* UIKit.framework */ = {isa = PBXFileReference; lastKnownFileType = wrapper.framework; name = UIKit.framework; path = System/Library/Frameworks/UIKit.framework; sourceTree = SDKROOT; };
		E4EC3C7A191C3F3700F2A071 /* TipCalculator-Info.plist */ = {isa = PBXFileReference; lastKnownFileType = text.plist.xml; path = "TipCalculator-Info.plist"; sourceTree = "<group>"; };
		E4EC3C7C191C3F3700F2A071 /* en */ = {isa = PBXFileReference; lastKnownFileType = text.plist.strings; name = en; path = en.lproj/InfoPlist.strings; sourceTree = "<group>"; };
		E4EC3C7E191C3F3700F2A071 /* main.m */ = {isa = PBXFileReference; lastKnownFileType = sourcecode.c.objc; path = main.m; sourceTree = "<group>"; };
		E4EC3C80191C3F3700F2A071 /* TipCalculator-Prefix.pch */ = {isa = PBXFileReference; lastKnownFileType = sourcecode.c.h; path = "TipCalculator-Prefix.pch"; sourceTree = "<group>"; };
		E4EC3C81191C3F3700F2A071 /* CPAppDelegate.h */ = {isa = PBXFileReference; lastKnownFileType = sourcecode.c.h; path = CPAppDelegate.h; sourceTree = "<group>"; };
		E4EC3C82191C3F3700F2A071 /* CPAppDelegate.m */ = {isa = PBXFileReference; lastKnownFileType = sourcecode.c.objc; path = CPAppDelegate.m; sourceTree = "<group>"; };
		E4EC3C84191C3F3700F2A071 /* Images.xcassets */ = {isa = PBXFileReference; lastKnownFileType = folder.assetcatalog; path = Images.xcassets; sourceTree = "<group>"; };
		E4EC3C8A191C3F3700F2A071 /* TipCalculatorTests.xctest */ = {isa = PBXFileReference; explicitFileType = wrapper.cfbundle; includeInIndex = 0; path = TipCalculatorTests.xctest; sourceTree = BUILT_PRODUCTS_DIR; };
		E4EC3C8B191C3F3700F2A071 /* XCTest.framework */ = {isa = PBXFileReference; lastKnownFileType = wrapper.framework; name = XCTest.framework; path = Library/Frameworks/XCTest.framework; sourceTree = DEVELOPER_DIR; };
		E4EC3C93191C3F3700F2A071 /* TipCalculatorTests-Info.plist */ = {isa = PBXFileReference; lastKnownFileType = text.plist.xml; path = "TipCalculatorTests-Info.plist"; sourceTree = "<group>"; };
		E4EC3C95191C3F3700F2A071 /* en */ = {isa = PBXFileReference; lastKnownFileType = text.plist.strings; name = en; path = en.lproj/InfoPlist.strings; sourceTree = "<group>"; };
		E4EC3C97191C3F3700F2A071 /* TipCalculatorTests.m */ = {isa = PBXFileReference; lastKnownFileType = sourcecode.c.objc; path = TipCalculatorTests.m; sourceTree = "<group>"; };
/* End PBXFileReference section */

/* Begin PBXFrameworksBuildPhase section */
		E4EC3C6C191C3F3700F2A071 /* Frameworks */ = {
			isa = PBXFrameworksBuildPhase;
			buildActionMask = 2147483647;
			files = (
				E4EC3C75191C3F3700F2A071 /* CoreGraphics.framework in Frameworks */,
				E4EC3C77191C3F3700F2A071 /* UIKit.framework in Frameworks */,
				E4EC3C73191C3F3700F2A071 /* Foundation.framework in Frameworks */,
			);
			runOnlyForDeploymentPostprocessing = 0;
		};
		E4EC3C87191C3F3700F2A071 /* Frameworks */ = {
			isa = PBXFrameworksBuildPhase;
			buildActionMask = 2147483647;
			files = (
				E4EC3C8C191C3F3700F2A071 /* XCTest.framework in Frameworks */,
				E4EC3C8E191C3F3700F2A071 /* UIKit.framework in Frameworks */,
				E4EC3C8D191C3F3700F2A071 /* Foundation.framework in Frameworks */,
			);
			runOnlyForDeploymentPostprocessing = 0;
		};
/* End PBXFrameworksBuildPhase section */

/* Begin PBXGroup section */
		E4EC3C66191C3F3700F2A071 = {
			isa = PBXGroup;
			children = (
				E4EC3C78191C3F3700F2A071 /* TipCalculator */,
				E4EC3C91191C3F3700F2A071 /* TipCalculatorTests */,
				E4EC3C71191C3F3700F2A071 /* Frameworks */,
				E4EC3C70191C3F3700F2A071 /* Products */,
			);
			sourceTree = "<group>";
		};
		E4EC3C70191C3F3700F2A071 /* Products */ = {
			isa = PBXGroup;
			children = (
				E4EC3C6F191C3F3700F2A071 /* TipCalculator.app */,
				E4EC3C8A191C3F3700F2A071 /* TipCalculatorTests.xctest */,
			);
			name = Products;
			sourceTree = "<group>";
		};
		E4EC3C71191C3F3700F2A071 /* Frameworks */ = {
			isa = PBXGroup;
			children = (
				E4EC3C72191C3F3700F2A071 /* Foundation.framework */,
				E4EC3C74191C3F3700F2A071 /* CoreGraphics.framework */,
				E4EC3C76191C3F3700F2A071 /* UIKit.framework */,
				E4EC3C8B191C3F3700F2A071 /* XCTest.framework */,
			);
			name = Frameworks;
			sourceTree = "<group>";
		};
		E4EC3C78191C3F3700F2A071 /* TipCalculator */ = {
			isa = PBXGroup;
			children = (
				E4EC3C81191C3F3700F2A071 /* CPAppDelegate.h */,
				E4EC3C82191C3F3700F2A071 /* CPAppDelegate.m */,
				E4EC3C84191C3F3700F2A071 /* Images.xcassets */,
				E4EC3C79191C3F3700F2A071 /* Supporting Files */,
				E478EAB3191C6B5800D88CE1 /* TipViewController.h */,
				E478EAB4191C6B5800D88CE1 /* TipViewController.m */,
				E478EAB5191C6B5800D88CE1 /* TipViewController.xib */,
				E4557E5E1920128900D4E04B /* SettingsViewController.h */,
				E4557E5F1920128900D4E04B /* SettingsViewController.m */,
				E4557E601920128900D4E04B /* SettingsViewController.xib */,
			);
			path = TipCalculator;
			sourceTree = "<group>";
		};
		E4EC3C79191C3F3700F2A071 /* Supporting Files */ = {
			isa = PBXGroup;
			children = (
				E4EC3C7A191C3F3700F2A071 /* TipCalculator-Info.plist */,
				E4EC3C7B191C3F3700F2A071 /* InfoPlist.strings */,
				E4EC3C7E191C3F3700F2A071 /* main.m */,
				E4EC3C80191C3F3700F2A071 /* TipCalculator-Prefix.pch */,
			);
			name = "Supporting Files";
			sourceTree = "<group>";
		};
		E4EC3C91191C3F3700F2A071 /* TipCalculatorTests */ = {
			isa = PBXGroup;
			children = (
				E4EC3C97191C3F3700F2A071 /* TipCalculatorTests.m */,
				E4EC3C92191C3F3700F2A071 /* Supporting Files */,
			);
			path = TipCalculatorTests;
			sourceTree = "<group>";
		};
		E4EC3C92191C3F3700F2A071 /* Supporting Files */ = {
			isa = PBXGroup;
			children = (
				E4EC3C93191C3F3700F2A071 /* TipCalculatorTests-Info.plist */,
				E4EC3C94191C3F3700F2A071 /* InfoPlist.strings */,
			);
			name = "Supporting Files";
			sourceTree = "<group>";
		};
/* End PBXGroup section */

/* Begin PBXNativeTarget section */
		E4EC3C6E191C3F3700F2A071 /* TipCalculator */ = {
			isa = PBXNativeTarget;
			buildConfigurationList = E4EC3C9B191C3F3700F2A071 /* Build configuration list for PBXNativeTarget "TipCalculator" */;
			buildPhases = (
				E4EC3C6B191C3F3700F2A071 /* Sources */,
				E4EC3C6C191C3F3700F2A071 /* Frameworks */,
				E4EC3C6D191C3F3700F2A071 /* Resources */,
			);
			buildRules = (
			);
			dependencies = (
			);
			name = TipCalculator;
			productName = TipCalculator;
			productReference = E4EC3C6F191C3F3700F2A071 /* TipCalculator.app */;
			productType = "com.apple.product-type.application";
		};
		E4EC3C89191C3F3700F2A071 /* TipCalculatorTests */ = {
			isa = PBXNativeTarget;
			buildConfigurationList = E4EC3C9E191C3F3700F2A071 /* Build configuration list for PBXNativeTarget "TipCalculatorTests" */;
			buildPhases = (
				E4EC3C86191C3F3700F2A071 /* Sources */,
				E4EC3C87191C3F3700F2A071 /* Frameworks */,
				E4EC3C88191C3F3700F2A071 /* Resources */,
			);
			buildRules = (
			);
			dependencies = (
				E4EC3C90191C3F3700F2A071 /* PBXTargetDependency */,
			);
			name = TipCalculatorTests;
			productName = TipCalculatorTests;
			productReference = E4EC3C8A191C3F3700F2A071 /* TipCalculatorTests.xctest */;
			productType = "com.apple.product-type.bundle.unit-test";
		};
/* End PBXNativeTarget section */

/* Begin PBXProject section */
		E4EC3C67191C3F3700F2A071 /* Project object */ = {
			isa = PBXProject;
			attributes = {
				CLASSPREFIX = CP;
				LastUpgradeCheck = 0510;
				ORGANIZATIONNAME = CodePath;
				TargetAttributes = {
					E4EC3C6E191C3F3700F2A071 = {
						DevelopmentTeam = LTY522V3JF;
					};
					E4EC3C89191C3F3700F2A071 = {
						TestTargetID = E4EC3C6E191C3F3700F2A071;
					};
				};
			};
			buildConfigurationList = E4EC3C6A191C3F3700F2A071 /* Build configuration list for PBXProject "TipCalculator" */;
			compatibilityVersion = "Xcode 3.2";
			developmentRegion = English;
			hasScannedForEncodings = 0;
			knownRegions = (
				en,
			);
			mainGroup = E4EC3C66191C3F3700F2A071;
			productRefGroup = E4EC3C70191C3F3700F2A071 /* Products */;
			projectDirPath = "";
			projectRoot = "";
			targets = (
				E4EC3C6E191C3F3700F2A071 /* TipCalculator */,
				E4EC3C89191C3F3700F2A071 /* TipCalculatorTests */,
			);
		};
/* End PBXProject section */

/* Begin PBXResourcesBuildPhase section */
		E4EC3C6D191C3F3700F2A071 /* Resources */ = {
			isa = PBXResourcesBuildPhase;
			buildActionMask = 2147483647;
			files = (
				E478EAB7191C6B5800D88CE1 /* TipViewController.xib in Resources */,
				E4EC3C7D191C3F3700F2A071 /* InfoPlist.strings in Resources */,
				E4EC3C85191C3F3700F2A071 /* Images.xcassets in Resources */,
				E4557E621920128900D4E04B /* SettingsViewController.xib in Resources */,
			);
			runOnlyForDeploymentPostprocessing = 0;
		};
		E4EC3C88191C3F3700F2A071 /* Resources */ = {
			isa = PBXResourcesBuildPhase;
			buildActionMask = 2147483647;
			files = (
				E4EC3C96191C3F3700F2A071 /* InfoPlist.strings in Resources */,
			);
			runOnlyForDeploymentPostprocessing = 0;
		};
/* End PBXResourcesBuildPhase section */

/* Begin PBXSourcesBuildPhase section */
		E4EC3C6B191C3F3700F2A071 /* Sources */ = {
			isa = PBXSourcesBuildPhase;
			buildActionMask = 2147483647;
			files = (
				E4EC3C7F191C3F3700F2A071 /* main.m in Sources */,
				E478EAB6191C6B5800D88CE1 /* TipViewController.m in Sources */,
				E4EC3C83191C3F3700F2A071 /* CPAppDelegate.m in Sources */,
				E4557E611920128900D4E04B /* SettingsViewController.m in Sources */,
			);
			runOnlyForDeploymentPostprocessing = 0;
		};
		E4EC3C86191C3F3700F2A071 /* Sources */ = {
			isa = PBXSourcesBuildPhase;
			buildActionMask = 2147483647;
			files = (
				E4EC3C98191C3F3700F2A071 /* TipCalculatorTests.m in Sources */,
			);
			runOnlyForDeploymentPostprocessing = 0;
		};
/* End PBXSourcesBuildPhase section */

/* Begin PBXTargetDependency section */
		E4EC3C90191C3F3700F2A071 /* PBXTargetDependency */ = {
			isa = PBXTargetDependency;
			target = E4EC3C6E191C3F3700F2A071 /* TipCalculator */;
			targetProxy = E4EC3C8F191C3F3700F2A071 /* PBXContainerItemProxy */;
		};
/* End PBXTargetDependency section */

/* Begin PBXVariantGroup section */
		E4EC3C7B191C3F3700F2A071 /* InfoPlist.strings */ = {
			isa = PBXVariantGroup;
			children = (
				E4EC3C7C191C3F3700F2A071 /* en */,
			);
			name = InfoPlist.strings;
			sourceTree = "<group>";
		};
		E4EC3C94191C3F3700F2A071 /* InfoPlist.strings */ = {
			isa = PBXVariantGroup;
			children = (
				E4EC3C95191C3F3700F2A071 /* en */,
			);
			name = InfoPlist.strings;
			sourceTree = "<group>";
		};
/* End PBXVariantGroup section */

/* Begin XCBuildConfiguration section */
		E4EC3C99191C3F3700F2A071 /* Debug */ = {
			isa = XCBuildConfiguration;
			buildSettings = {
				ALWAYS_SEARCH_USER_PATHS = NO;
				CLANG_CXX_LANGUAGE_STANDARD = "gnu++0x";
				CLANG_CXX_LIBRARY = "libc++";
				CLANG_ENABLE_MODULES = YES;
				CLANG_ENABLE_OBJC_ARC = YES;
				CLANG_WARN_BOOL_CONVERSION = YES;
				CLANG_WARN_CONSTANT_CONVERSION = YES;
				CLANG_WARN_DIRECT_OBJC_ISA_USAGE = YES_ERROR;
				CLANG_WARN_EMPTY_BODY = YES;
				CLANG_WARN_ENUM_CONVERSION = YES;
				CLANG_WARN_INT_CONVERSION = YES;
				CLANG_WARN_OBJC_ROOT_CLASS = YES_ERROR;
				CLANG_WARN__DUPLICATE_METHOD_MATCH = YES;
				"CODE_SIGN_IDENTITY[sdk=iphoneos*]" = "iPhone Developer";
				COPY_PHASE_STRIP = NO;
				GCC_C_LANGUAGE_STANDARD = gnu99;
				GCC_DYNAMIC_NO_PIC = NO;
				GCC_OPTIMIZATION_LEVEL = 0;
				GCC_PREPROCESSOR_DEFINITIONS = (
					"DEBUG=1",
					"$(inherited)",
				);
				GCC_SYMBOLS_PRIVATE_EXTERN = NO;
				GCC_WARN_64_TO_32_BIT_CONVERSION = YES;
				GCC_WARN_ABOUT_RETURN_TYPE = YES_ERROR;
				GCC_WARN_UNDECLARED_SELECTOR = YES;
				GCC_WARN_UNINITIALIZED_AUTOS = YES_AGGRESSIVE;
				GCC_WARN_UNUSED_FUNCTION = YES;
				GCC_WARN_UNUSED_VARIABLE = YES;
				IPHONEOS_DEPLOYMENT_TARGET = 7.1;
				ONLY_ACTIVE_ARCH = YES;
				SDKROOT = iphoneos;
			};
			name = Debug;
		};
		E4EC3C9A191C3F3700F2A071 /* Release */ = {
			isa = XCBuildConfiguration;
			buildSettings = {
				ALWAYS_SEARCH_USER_PATHS = NO;
				CLANG_CXX_LANGUAGE_STANDARD = "gnu++0x";
				CLANG_CXX_LIBRARY = "libc++";
				CLANG_ENABLE_MODULES = YES;
				CLANG_ENABLE_OBJC_ARC = YES;
				CLANG_WARN_BOOL_CONVERSION = YES;
				CLANG_WARN_CONSTANT_CONVERSION = YES;
				CLANG_WARN_DIRECT_OBJC_ISA_USAGE = YES_ERROR;
				CLANG_WARN_EMPTY_BODY = YES;
				CLANG_WARN_ENUM_CONVERSION = YES;
				CLANG_WARN_INT_CONVERSION = YES;
				CLANG_WARN_OBJC_ROOT_CLASS = YES_ERROR;
				CLANG_WARN__DUPLICATE_METHOD_MATCH = YES;
				"CODE_SIGN_IDENTITY[sdk=iphoneos*]" = "iPhone Developer";
				COPY_PHASE_STRIP = YES;
				ENABLE_NS_ASSERTIONS = NO;
				GCC_C_LANGUAGE_STANDARD = gnu99;
				GCC_WARN_64_TO_32_BIT_CONVERSION = YES;
				GCC_WARN_ABOUT_RETURN_TYPE = YES_ERROR;
				GCC_WARN_UNDECLARED_SELECTOR = YES;
				GCC_WARN_UNINITIALIZED_AUTOS = YES_AGGRESSIVE;
				GCC_WARN_UNUSED_FUNCTION = YES;
				GCC_WARN_UNUSED_VARIABLE = YES;
				IPHONEOS_DEPLOYMENT_TARGET = 7.1;
				SDKROOT = iphoneos;
				VALIDATE_PRODUCT = YES;
			};
			name = Release;
		};
		E4EC3C9C191C3F3700F2A071 /* Debug */ = {
			isa = XCBuildConfiguration;
			buildSettings = {
				ASSETCATALOG_COMPILER_APPICON_NAME = AppIcon;
				ASSETCATALOG_COMPILER_LAUNCHIMAGE_NAME = LaunchImage;
				CODE_SIGN_IDENTITY = "iPhone Developer";
				"CODE_SIGN_IDENTITY[sdk=iphoneos*]" = "iPhone Developer";
				GCC_PRECOMPILE_PREFIX_HEADER = YES;
				GCC_PREFIX_HEADER = "TipCalculator/TipCalculator-Prefix.pch";
				INFOPLIST_FILE = "TipCalculator/TipCalculator-Info.plist";
				IPHONEOS_DEPLOYMENT_TARGET = 7.1;
				PRODUCT_NAME = "$(TARGET_NAME)";
				PROVISIONING_PROFILE = "";
				TARGETED_DEVICE_FAMILY = 1;
				WRAPPER_EXTENSION = app;
			};
			name = Debug;
		};
		E4EC3C9D191C3F3700F2A071 /* Release */ = {
			isa = XCBuildConfiguration;
			buildSettings = {
				ASSETCATALOG_COMPILER_APPICON_NAME = AppIcon;
				ASSETCATALOG_COMPILER_LAUNCHIMAGE_NAME = LaunchImage;
				CODE_SIGN_IDENTITY = "iPhone Developer";
				"CODE_SIGN_IDENTITY[sdk=iphoneos*]" = "iPhone Developer";
				GCC_PRECOMPILE_PREFIX_HEADER = YES;
				GCC_PREFIX_HEADER = "TipCalculator/TipCalculator-Prefix.pch";
				INFOPLIST_FILE = "TipCalculator/TipCalculator-Info.plist";
				IPHONEOS_DEPLOYMENT_TARGET = 7.1;
				PRODUCT_NAME = "$(TARGET_NAME)";
				PROVISIONING_PROFILE = "";
				TARGETED_DEVICE_FAMILY = 1;
				WRAPPER_EXTENSION = app;
			};
			name = Release;
		};
		E4EC3C9F191C3F3700F2A071 /* Debug */ = {
			isa = XCBuildConfiguration;
			buildSettings = {
				BUNDLE_LOADER = "$(BUILT_PRODUCTS_DIR)/TipCalculator.app/TipCalculator";
				FRAMEWORK_SEARCH_PATHS = (
					"$(SDKROOT)/Developer/Library/Frameworks",
					"$(inherited)",
					"$(DEVELOPER_FRAMEWORKS_DIR)",
				);
				GCC_PRECOMPILE_PREFIX_HEADER = YES;
				GCC_PREFIX_HEADER = "TipCalculator/TipCalculator-Prefix.pch";
				GCC_PREPROCESSOR_DEFINITIONS = (
					"DEBUG=1",
					"$(inherited)",
				);
				INFOPLIST_FILE = "TipCalculatorTests/TipCalculatorTests-Info.plist";
				PRODUCT_NAME = "$(TARGET_NAME)";
				TEST_HOST = "$(BUNDLE_LOADER)";
				WRAPPER_EXTENSION = xctest;
			};
			name = Debug;
		};
		E4EC3CA0191C3F3700F2A071 /* Release */ = {
			isa = XCBuildConfiguration;
			buildSettings = {
				BUNDLE_LOADER = "$(BUILT_PRODUCTS_DIR)/TipCalculator.app/TipCalculator";
				FRAMEWORK_SEARCH_PATHS = (
					"$(SDKROOT)/Developer/Library/Frameworks",
					"$(inherited)",
					"$(DEVELOPER_FRAMEWORKS_DIR)",
				);
				GCC_PRECOMPILE_PREFIX_HEADER = YES;
				GCC_PREFIX_HEADER = "TipCalculator/TipCalculator-Prefix.pch";
				INFOPLIST_FILE = "TipCalculatorTests/TipCalculatorTests-Info.plist";
				PRODUCT_NAME = "$(TARGET_NAME)";
				TEST_HOST = "$(BUNDLE_LOADER)";
				WRAPPER_EXTENSION = xctest;
			};
			name = Release;
		};
/* End XCBuildConfiguration section */

/* Begin XCConfigurationList section */
		E4EC3C6A191C3F3700F2A071 /* Build configuration list for PBXProject "TipCalculator" */ = {
			isa = XCConfigurationList;
			buildConfigurations = (
				E4EC3C99191C3F3700F2A071 /* Debug */,
				E4EC3C9A191C3F3700F2A071 /* Release */,
			);
			defaultConfigurationIsVisible = 0;
			defaultConfigurationName = Release;
		};
		E4EC3C9B191C3F3700F2A071 /* Build configuration list for PBXNativeTarget "TipCalculator" */ = {
			isa = XCConfigurationList;
			buildConfigurations = (
				E4EC3C9C191C3F3700F2A071 /* Debug */,
				E4EC3C9D191C3F3700F2A071 /* Release */,
			);
			defaultConfigurationIsVisible = 0;
			defaultConfigurationName = Release;
		};
		E4EC3C9E191C3F3700F2A071 /* Build configuration list for PBXNativeTarget "TipCalculatorTests" */ = {
			isa = XCConfigurationList;
			buildConfigurations = (
				E4EC3C9F191C3F3700F2A071 /* Debug */,
				E4EC3CA0191C3F3700F2A071 /* Release */,
			);
			defaultConfigurationIsVisible = 0;
			defaultConfigurationName = Release;
		};
/* End XCConfigurationList section */
	};
	rootObject = E4EC3C67191C3F3700F2A071 /* Project object */;
}
